
Microsoft Visual Studio Solution File, Format Version 12.00
# Visual Studio Version 17
VisualStudioVersion = 17.4.33213.308
MinimumVisualStudioVersion = 10.0.40219.1
Project("{FAE04EC0-301F-11D3-BF4B-00C04F79EFBC}") = "AdoptAPet", "AdoptAPet.csproj", "{B281E110-2955-4100-BF02-E5E7C8BBEE45}"
EndProject
Global
	GlobalSection(SolutionConfigurationPlatforms) = preSolution
		Debug|Any CPU = Debug|Any CPU
		Release|Any CPU = Release|Any CPU
	EndGlobalSection
	GlobalSection(ProjectConfigurationPlatforms) = postSolution
		{B281E110-2955-4100-BF02-E5E7C8BBEE45}.Debug|Any CPU.ActiveCfg = Debug|Any CPU
		{B281E110-2955-4100-BF02-E5E7C8BBEE45}.Debug|Any CPU.Build.0 = Debug|Any CPU
		{B281E110-2955-4100-BF02-E5E7C8BBEE45}.Release|Any CPU.ActiveCfg = Release|Any CPU
		{B281E110-2955-4100-BF02-E5E7C8BBEE45}.Release|Any CPU.Build.0 = Release|Any CPU
	EndGlobalSection
	GlobalSection(SolutionProperties) = preSolution
		HideSolutionNode = FALSE
	EndGlobalSection
	GlobalSection(ExtensibilityGlobals) = postSolution
		SolutionGuid = {70F5492B-BD50-48EB-8BC7-2AAAFB93F67E}
	EndGlobalSection
EndGlobal
